{
  "name": "@agencebio/cartobio-front",
  "version": "2.0.0-alpha",
  "lockfileVersion": 2,
  "requires": true,
  "packages": {
    "": {
      "name": "@agencebio/cartobio-front",
      "version": "2.0.0-alpha",
      "devDependencies": {},
      "engines": {
        "node": "^16.0.0"
      }
    }
  }
}
